
Microsoft Visual Studio Solution File, Format Version 12.00
# Visual Studio Version 17
VisualStudioVersion = 17.5.33502.453
MinimumVisualStudioVersion = 10.0.40219.1
Project("{FAE04EC0-301F-11D3-BF4B-00C04F79EFBC}") = "FundamentosC#", "FundamentosC#.csproj", "{6FAB6A3C-11B1-4326-8EA8-E29AFAA67124}"
EndProject
Global
	GlobalSection(SolutionConfigurationPlatforms) = preSolution
		Debug|Any CPU = Debug|Any CPU
		Release|Any CPU = Release|Any CPU
	EndGlobalSection
	GlobalSection(ProjectConfigurationPlatforms) = postSolution
		{6FAB6A3C-11B1-4326-8EA8-E29AFAA67124}.Debug|Any CPU.ActiveCfg = Debug|Any CPU
		{6FAB6A3C-11B1-4326-8EA8-E29AFAA67124}.Debug|Any CPU.Build.0 = Debug|Any CPU
		{6FAB6A3C-11B1-4326-8EA8-E29AFAA67124}.Release|Any CPU.ActiveCfg = Release|Any CPU
		{6FAB6A3C-11B1-4326-8EA8-E29AFAA67124}.Release|Any CPU.Build.0 = Release|Any CPU
	EndGlobalSection
	GlobalSection(SolutionProperties) = preSolution
		HideSolutionNode = FALSE
	EndGlobalSection
	GlobalSection(ExtensibilityGlobals) = postSolution
		SolutionGuid = {4D2CDE88-BC34-4252-A12D-68C2DF1618A7}
	EndGlobalSection
EndGlobal
